
Microsoft Visual Studio Solution File, Format Version 12.00
# Visual Studio Version 16
VisualStudioVersion = 16.0.31321.278
MinimumVisualStudioVersion = 10.0.40219.1
Project("{9A19103F-16F7-4668-BE54-9A1E7A4F7556}") = "DemoTest", "DemoTest\DemoTest.csproj", "{39D585CA-A4D0-43EE-A251-D4C644BF4EC6}"
EndProject
Project("{9A19103F-16F7-4668-BE54-9A1E7A4F7556}") = "RazorPages", "RazorPages\RazorPages.csproj", "{F1895701-D2C3-4E7D-A6F8-CA9CEA9F15F8}"
EndProject
Project("{9A19103F-16F7-4668-BE54-9A1E7A4F7556}") = "WebMvcApplication", "WebMvcApplication\WebMvcApplication.csproj", "{196D644B-68F6-4F39-ACCC-945C424EDF1D}"
EndProject
Global
	GlobalSection(SolutionConfigurationPlatforms) = preSolution
		Debug|Any CPU = Debug|Any CPU
		Release|Any CPU = Release|Any CPU
	EndGlobalSection
	GlobalSection(ProjectConfigurationPlatforms) = postSolution
		{39D585CA-A4D0-43EE-A251-D4C644BF4EC6}.Debug|Any CPU.ActiveCfg = Debug|Any CPU
		{39D585CA-A4D0-43EE-A251-D4C644BF4EC6}.Debug|Any CPU.Build.0 = Debug|Any CPU
		{39D585CA-A4D0-43EE-A251-D4C644BF4EC6}.Release|Any CPU.ActiveCfg = Release|Any CPU
		{39D585CA-A4D0-43EE-A251-D4C644BF4EC6}.Release|Any CPU.Build.0 = Release|Any CPU
		{F1895701-D2C3-4E7D-A6F8-CA9CEA9F15F8}.Debug|Any CPU.ActiveCfg = Debug|Any CPU
		{F1895701-D2C3-4E7D-A6F8-CA9CEA9F15F8}.Debug|Any CPU.Build.0 = Debug|Any CPU
		{F1895701-D2C3-4E7D-A6F8-CA9CEA9F15F8}.Release|Any CPU.ActiveCfg = Release|Any CPU
		{F1895701-D2C3-4E7D-A6F8-CA9CEA9F15F8}.Release|Any CPU.Build.0 = Release|Any CPU
		{196D644B-68F6-4F39-ACCC-945C424EDF1D}.Debug|Any CPU.ActiveCfg = Debug|Any CPU
		{196D644B-68F6-4F39-ACCC-945C424EDF1D}.Debug|Any CPU.Build.0 = Debug|Any CPU
		{196D644B-68F6-4F39-ACCC-945C424EDF1D}.Release|Any CPU.ActiveCfg = Release|Any CPU
		{196D644B-68F6-4F39-ACCC-945C424EDF1D}.Release|Any CPU.Build.0 = Release|Any CPU
	EndGlobalSection
	GlobalSection(SolutionProperties) = preSolution
		HideSolutionNode = FALSE
	EndGlobalSection
	GlobalSection(ExtensibilityGlobals) = postSolution
		SolutionGuid = {D9C00930-FF94-4D33-BDCB-0C0F7F2D97A5}
	EndGlobalSection
EndGlobal
